
Microsoft Visual Studio Solution File, Format Version 12.00
# Visual Studio 2015
Project("{FAE04EC0-301F-11D3-BF4B-00C04F79EFBC}") = "ProjectTP", "ProjectTP.csproj", "{0A5C1BE1-DE90-784D-9B4B-6487E162DED1}"
EndProject
Project("{FAE04EC0-301F-11D3-BF4B-00C04F79EFBC}") = "ProjectTP.Editor", "ProjectTP.Editor.csproj", "{B6BC7BE8-14C9-EFF4-0F01-173156595DA5}"
EndProject
Global
	GlobalSection(SolutionConfigurationPlatforms) = preSolution
		Debug|Any CPU = Debug|Any CPU
		Release|Any CPU = Release|Any CPU
	EndGlobalSection
	GlobalSection(ProjectConfigurationPlatforms) = postSolution
		{0A5C1BE1-DE90-784D-9B4B-6487E162DED1}.Debug|Any CPU.ActiveCfg = Debug|Any CPU
		{0A5C1BE1-DE90-784D-9B4B-6487E162DED1}.Debug|Any CPU.Build.0 = Debug|Any CPU
		{0A5C1BE1-DE90-784D-9B4B-6487E162DED1}.Release|Any CPU.ActiveCfg = Release|Any CPU
		{0A5C1BE1-DE90-784D-9B4B-6487E162DED1}.Release|Any CPU.Build.0 = Release|Any CPU
		{B6BC7BE8-14C9-EFF4-0F01-173156595DA5}.Debug|Any CPU.ActiveCfg = Debug|Any CPU
		{B6BC7BE8-14C9-EFF4-0F01-173156595DA5}.Debug|Any CPU.Build.0 = Debug|Any CPU
		{B6BC7BE8-14C9-EFF4-0F01-173156595DA5}.Release|Any CPU.ActiveCfg = Release|Any CPU
		{B6BC7BE8-14C9-EFF4-0F01-173156595DA5}.Release|Any CPU.Build.0 = Release|Any CPU
	EndGlobalSection
	GlobalSection(SolutionProperties) = preSolution
		HideSolutionNode = FALSE
	EndGlobalSection
EndGlobal
